
Microsoft Visual Studio Solution File, Format Version 12.00
# Visual Studio Version 16
VisualStudioVersion = 16.0.31410.357
MinimumVisualStudioVersion = 10.0.40219.1
Project("{9A19103F-16F7-4668-BE54-9A1E7A4F7556}") = "LibAsn", "src\LibAsn.csproj", "{2DF1A524-1F9A-4BF6-B8CF-83FBE49833D9}"
EndProject
Project("{FAE04EC0-301F-11D3-BF4B-00C04F79EFBC}") = "LibAsnTests", "tests\LibAsnTests\LibAsnTests.csproj", "{9682F112-CD68-4E25-8C31-A3E48CA82E31}"
EndProject
Project("{2150E333-8FDC-42A3-9474-1A3956D46DE8}") = "Solution Items", "Solution Items", "{1546657A-84CC-4431-A345-3B78714319DC}"
	ProjectSection(SolutionItems) = preProject
		LICENSE = LICENSE
	EndProjectSection
EndProject
Global
	GlobalSection(SolutionConfigurationPlatforms) = preSolution
		Debug|Any CPU = Debug|Any CPU
		Release|Any CPU = Release|Any CPU
	EndGlobalSection
	GlobalSection(ProjectConfigurationPlatforms) = postSolution
		{2DF1A524-1F9A-4BF6-B8CF-83FBE49833D9}.Debug|Any CPU.ActiveCfg = Debug|Any CPU
		{2DF1A524-1F9A-4BF6-B8CF-83FBE49833D9}.Debug|Any CPU.Build.0 = Debug|Any CPU
		{2DF1A524-1F9A-4BF6-B8CF-83FBE49833D9}.Release|Any CPU.ActiveCfg = Release|Any CPU
		{2DF1A524-1F9A-4BF6-B8CF-83FBE49833D9}.Release|Any CPU.Build.0 = Release|Any CPU
		{9682F112-CD68-4E25-8C31-A3E48CA82E31}.Debug|Any CPU.ActiveCfg = Debug|Any CPU
		{9682F112-CD68-4E25-8C31-A3E48CA82E31}.Debug|Any CPU.Build.0 = Debug|Any CPU
		{9682F112-CD68-4E25-8C31-A3E48CA82E31}.Release|Any CPU.ActiveCfg = Release|Any CPU
		{9682F112-CD68-4E25-8C31-A3E48CA82E31}.Release|Any CPU.Build.0 = Release|Any CPU
	EndGlobalSection
	GlobalSection(SolutionProperties) = preSolution
		HideSolutionNode = FALSE
	EndGlobalSection
	GlobalSection(ExtensibilityGlobals) = postSolution
		SolutionGuid = {7099E908-CF84-42BC-96EE-21C4BC12B81D}
	EndGlobalSection
EndGlobal
